{
  "name": "caf_hellosharing",
  "version": "0.1.0",
  "dependencies": {
    "caf_core": {
      "version": "0.1.0",
      "dependencies": {
        "express": {
          "version": "2.5.11",
          "dependencies": {
            "connect": {
              "version": "1.9.2",
              "dependencies": {
                "formidable": {
                  "version": "1.0.14"
                }
              }
            },
            "mime": {
              "version": "1.2.4"
            },
            "qs": {
              "version": "0.4.2"
            },
            "mkdirp": {
              "version": "0.3.0"
            }
          }
        },
        "async": {
          "version": "0.9.0"
        },
        "redis": {
          "version": "0.10.3"
        }
      }
    },
    "caf_profiler": {
      "version": "0.1.0",
      "dependencies": {
        "metrics": {
          "version": "0.1.7",
          "from": "metrics@0.1.7"
        }
      }
    },
    "caf_security": {
      "version": "0.1.0",
      "dependencies": {
        "caf_cli": {
          "version": "0.1.0",
          "dependencies": {
            "request": {
              "version": "2.36.0",
              "dependencies": {
                "qs": {
                  "version": "0.6.6"
                },
                "json-stringify-safe": {
                  "version": "5.0.0"
                },
                "mime": {
                  "version": "1.2.11"
                },
                "forever-agent": {
                  "version": "0.5.2"
                },
                "node-uuid": {
                  "version": "1.4.1"
                }
              }
            }
          }
        },
        "passport": {
          "version": "0.2.0",
          "dependencies": {
            "passport-strategy": {
              "version": "1.0.0"
            },
            "pause": {
              "version": "0.0.1"
            }
          }
        },
        "password-hash": {
          "version": "1.2.2"
        }
      }
    },
    "caf_session": {
      "version": "0.1.0"
    },
    "caf_sharing": {
      "version": "0.1.0"
    }
  }
}
