{
  "name": "caf_helloidol",
  "version": "0.0.1",
  "dependencies": {
    "caf_core": {
      "version": "0.0.7",
      "dependencies": {
        "express": {
          "version": "2.5.11",
          "dependencies": {
            "connect": {
              "version": "1.9.2",
              "dependencies": {
                "formidable": {
                  "version": "1.0.11"
                }
              }
            },
            "mime": {
              "version": "1.2.4"
            },
            "qs": {
              "version": "0.4.2"
            },
            "mkdirp": {
              "version": "0.3.0"
            }
          }
        },
        "async": {
          "version": "0.7.0"
        },
        "redis": {
          "version": "0.8.2"
        }
      }
    },
    "caf_security": {
      "version": "0.0.2",
      "dependencies": {
        "caf_cli": {
          "version": "0.0.5",
          "dependencies": {
            "request": {
              "version": "2.12.0",
              "dependencies": {
                "form-data": {
                  "version": "0.0.3",
                  "dependencies": {
                    "combined-stream": {
                      "version": "0.0.3",
                      "dependencies": {
                        "delayed-stream": {
                          "version": "0.0.5"
                        }
                      }
                    },
                    "async": {
                      "version": "0.1.9"
                    }
                  }
                },
                "mime": {
                  "version": "1.2.7"
                }
              }
            }
          }
        },
        "passport": {
          "version": "0.1.15",
          "dependencies": {
            "pkginfo": {
              "version": "0.2.3"
            }
          }
        },
        "password-hash": {
          "version": "1.2.1"
        }
      }
    },
    "caf_session": {
      "version": "0.0.1"
    },
    "caf_conduit": {
      "version": "0.0.7",
      "dependencies": {
        "async": {
          "version": "0.7.0"
        }
      }
    },
    "caf_pull": {
      "version": "0.0.1"
    },
    "caf_idol": {
      "version": "0.0.2",
      "dependencies": {
        "request": {
          "version": "2.34.0",
          "dependencies": {
            "qs": {
              "version": "0.6.6"
            },
            "json-stringify-safe": {
              "version": "5.0.0"
            },
            "forever-agent": {
              "version": "0.5.2"
            },
            "node-uuid": {
              "version": "1.4.1"
            },
            "mime": {
              "version": "1.2.11"
            },
            "tough-cookie": {
              "version": "0.12.1",
              "dependencies": {
                "punycode": {
                  "version": "1.2.4"
                }
              }
            },
            "form-data": {
              "version": "0.1.2",
              "dependencies": {
                "combined-stream": {
                  "version": "0.0.4",
                  "dependencies": {
                    "delayed-stream": {
                      "version": "0.0.5"
                    }
                  }
                },
                "async": {
                  "version": "0.2.10"
                }
              }
            },
            "tunnel-agent": {
              "version": "0.3.0"
            },
            "http-signature": {
              "version": "0.10.0",
              "dependencies": {
                "assert-plus": {
                  "version": "0.1.2"
                },
                "asn1": {
                  "version": "0.1.11"
                },
                "ctype": {
                  "version": "0.5.2"
                }
              }
            },
            "oauth-sign": {
              "version": "0.3.0"
            },
            "hawk": {
              "version": "1.0.0",
              "dependencies": {
                "hoek": {
                  "version": "0.9.1"
                },
                "boom": {
                  "version": "0.4.2"
                },
                "cryptiles": {
                  "version": "0.2.2"
                },
                "sntp": {
                  "version": "0.2.4"
                }
              }
            },
            "aws-sign2": {
              "version": "0.5.0"
            }
          }
        }
      }
    }
  }
}
