{
  "name": "caf_mail",
  "version": "0.1.0",
  "dependencies": {
    "async": {
      "version": "0.9.0",
      "from": "async@0.9.0"
    },
    "caf_core": {
      "version": "0.1.0",
      "dependencies": {
        "express": {
          "version": "2.5.11",
          "dependencies": {
            "connect": {
              "version": "1.9.2",
              "dependencies": {
                "formidable": {
                  "version": "1.0.14"
                }
              }
            },
            "mime": {
              "version": "1.2.4"
            },
            "qs": {
              "version": "0.4.2"
            },
            "mkdirp": {
              "version": "0.3.0"
            }
          }
        },
        "async": {
          "version": "0.9.0"
        },
        "redis": {
          "version": "0.10.3"
        }
      }
    },
    "caf_imap": {
      "version": "0.1.0",
      "dependencies": {
        "imap": {
          "version": "0.2.9"
        },
        "mailparser": {
          "version": "0.2.30",
          "dependencies": {
            "mimelib": {
              "version": "0.2.16",
              "dependencies": {
                "addressparser": {
                  "version": "0.2.1"
                }
              }
            },
            "encoding": {
              "version": "0.1.7",
              "dependencies": {
                "iconv-lite": {
                  "version": "0.2.11"
                }
              }
            },
            "mime": {
              "version": "1.2.11"
            }
          }
        }
      }
    },
    "caf_security": {
      "version": "0.1.0",
      "dependencies": {
        "caf_cli": {
          "version": "0.1.0",
          "dependencies": {
            "request": {
              "version": "2.36.0",
              "dependencies": {
                "qs": {
                  "version": "0.6.6"
                },
                "json-stringify-safe": {
                  "version": "5.0.0"
                },
                "mime": {
                  "version": "1.2.11"
                },
                "forever-agent": {
                  "version": "0.5.2"
                },
                "node-uuid": {
                  "version": "1.4.1"
                }
              }
            }
          }
        },
        "passport": {
          "version": "0.2.0",
          "dependencies": {
            "passport-strategy": {
              "version": "1.0.0"
            },
            "pause": {
              "version": "0.0.1"
            }
          }
        },
        "password-hash": {
          "version": "1.2.2"
        }
      }
    },
    "caf_session": {
      "version": "0.1.0"
    },
    "imap": {
      "version": "0.8.14",
      "from": "imap@0.8.14",
      "resolved": "http://registry.npmjs.org/imap/-/imap-0.8.14.tgz",
      "dependencies": {
        "utf7": {
          "version": "1.0.0",
          "from": "utf7@1.0.0",
          "resolved": "http://registry.npmjs.org/utf7/-/utf7-1.0.0.tgz"
        },
        "readable-stream": {
          "version": "1.1.13",
          "from": "readable-stream@1.1.x",
          "resolved": "http://registry.npmjs.org/readable-stream/-/readable-stream-1.1.13.tgz",
          "dependencies": {
            "core-util-is": {
              "version": "1.0.1",
              "from": "core-util-is@~1.0.0"
            },
            "isarray": {
              "version": "0.0.1",
              "from": "isarray@0.0.1",
              "resolved": "http://registry.npmjs.org/isarray/-/isarray-0.0.1.tgz"
            },
            "string_decoder": {
              "version": "0.10.31",
              "from": "string_decoder@~0.10.x"
            },
            "inherits": {
              "version": "2.0.1",
              "from": "inherits@~2.0.1"
            }
          }
        }
      }
    }
  }
}
